// !$*UTF8*$!
{
	archiveVersion = 1;
	classes = {
	};
	objectVersion = 46;
	objects = {

/* Begin PBXBuildFile section */
		97F9D6641BAB4579004D7FAA /* main.m in Sources */ = {isa = PBXBuildFile; fileRef = 97F9D6631BAB4579004D7FAA /* main.m */; };
		97F9D6671BAB4579004D7FAA /* AppDelegate.m in Sources */ = {isa = PBXBuildFile; fileRef = 97F9D6661BAB4579004D7FAA /* AppDelegate.m */; };
		97F9D66D1BAB4579004D7FAA /* Main.storyboard in Resources */ = {isa = PBXBuildFile; fileRef = 97F9D66B1BAB4579004D7FAA /* Main.storyboard */; };
		97F9D66F1BAB4579004D7FAA /* Images.xcassets in Resources */ = {isa = PBXBuildFile; fileRef = 97F9D66E1BAB4579004D7FAA /* Images.xcassets */; };
		97F9D6721BAB4579004D7FAA /* LaunchScreen.xib in Resources */ = {isa = PBXBuildFile; fileRef = 97F9D6701BAB4579004D7FAA /* LaunchScreen.xib */; };
		97F9D67E1BAB457A004D7FAA /* CanvasTests.m in Sources */ = {isa = PBXBuildFile; fileRef = 97F9D67D1BAB457A004D7FAA /* CanvasTests.m */; };
		97F9D6891BAB4801004D7FAA /* CanvasViewController.m in Sources */ = {isa = PBXBuildFile; fileRef = 97F9D6881BAB4801004D7FAA /* CanvasViewController.m */; };
/* End PBXBuildFile section */

/* Begin PBXContainerItemProxy section */
		97F9D6781BAB457A004D7FAA /* PBXContainerItemProxy */ = {
			isa = PBXContainerItemProxy;
			containerPortal = 97F9D6561BAB4579004D7FAA /* Project object */;
			proxyType = 1;
			remoteGlobalIDString = 97F9D65D1BAB4579004D7FAA;
			remoteInfo = Canvas;
		};
/* End PBXContainerItemProxy section */

/* Begin PBXFileReference section */
		97F9D65E1BAB4579004D7FAA /* Canvas.app */ = {isa = PBXFileReference; explicitFileType = wrapper.application; includeInIndex = 0; path = Canvas.app; sourceTree = BUILT_PRODUCTS_DIR; };
		97F9D6621BAB4579004D7FAA /* Info.plist */ = {isa = PBXFileReference; lastKnownFileType = text.plist.xml; path = Info.plist; sourceTree = "<group>"; };
		97F9D6631BAB4579004D7FAA /* main.m */ = {isa = PBXFileReference; lastKnownFileType = sourcecode.c.objc; path = main.m; sourceTree = "<group>"; };
		97F9D6651BAB4579004D7FAA /* AppDelegate.h */ = {isa = PBXFileReference; lastKnownFileType = sourcecode.c.h; path = AppDelegate.h; sourceTree = "<group>"; };
		97F9D6661BAB4579004D7FAA /* AppDelegate.m */ = {isa = PBXFileReference; lastKnownFileType = sourcecode.c.objc; path = AppDelegate.m; sourceTree = "<group>"; };
		97F9D66C1BAB4579004D7FAA /* Base */ = {isa = PBXFileReference; lastKnownFileType = file.storyboard; name = Base; path = Base.lproj/Main.storyboard; sourceTree = "<group>"; };
		97F9D66E1BAB4579004D7FAA /* Images.xcassets */ = {isa = PBXFileReference; lastKnownFileType = folder.assetcatalog; path = Images.xcassets; sourceTree = "<group>"; };
		97F9D6711BAB4579004D7FAA /* Base */ = {isa = PBXFileReference; lastKnownFileType = file.xib; name = Base; path = Base.lproj/LaunchScreen.xib; sourceTree = "<group>"; };
		97F9D6771BAB457A004D7FAA /* CanvasTests.xctest */ = {isa = PBXFileReference; explicitFileType = wrapper.cfbundle; includeInIndex = 0; path = CanvasTests.xctest; sourceTree = BUILT_PRODUCTS_DIR; };
		97F9D67C1BAB457A004D7FAA /* Info.plist */ = {isa = PBXFileReference; lastKnownFileType = text.plist.xml; path = Info.plist; sourceTree = "<group>"; };
		97F9D67D1BAB457A004D7FAA /* CanvasTests.m */ = {isa = PBXFileReference; lastKnownFileType = sourcecode.c.objc; path = CanvasTests.m; sourceTree = "<group>"; };
		97F9D6871BAB4801004D7FAA /* CanvasViewController.h */ = {isa = PBXFileReference; fileEncoding = 4; lastKnownFileType = sourcecode.c.h; path = CanvasViewController.h; sourceTree = "<group>"; };
		97F9D6881BAB4801004D7FAA /* CanvasViewController.m */ = {isa = PBXFileReference; fileEncoding = 4; lastKnownFileType = sourcecode.c.objc; path = CanvasViewController.m; sourceTree = "<group>"; };
/* End PBXFileReference section */

/* Begin PBXFrameworksBuildPhase section */
		97F9D65B1BAB4579004D7FAA /* Frameworks */ = {
			isa = PBXFrameworksBuildPhase;
			buildActionMask = 2147483647;
			files = (
			);
			runOnlyForDeploymentPostprocessing = 0;
		};
		97F9D6741BAB457A004D7FAA /* Frameworks */ = {
			isa = PBXFrameworksBuildPhase;
			buildActionMask = 2147483647;
			files = (
			);
			runOnlyForDeploymentPostprocessing = 0;
		};
/* End PBXFrameworksBuildPhase section */

/* Begin PBXGroup section */
		97F9D6551BAB4579004D7FAA = {
			isa = PBXGroup;
			children = (
				97F9D6601BAB4579004D7FAA /* Canvas */,
				97F9D67A1BAB457A004D7FAA /* CanvasTests */,
				97F9D65F1BAB4579004D7FAA /* Products */,
			);
			sourceTree = "<group>";
		};
		97F9D65F1BAB4579004D7FAA /* Products */ = {
			isa = PBXGroup;
			children = (
				97F9D65E1BAB4579004D7FAA /* Canvas.app */,
				97F9D6771BAB457A004D7FAA /* CanvasTests.xctest */,
			);
			name = Products;
			sourceTree = "<group>";
		};
		97F9D6601BAB4579004D7FAA /* Canvas */ = {
			isa = PBXGroup;
			children = (
				97F9D6651BAB4579004D7FAA /* AppDelegate.h */,
				97F9D6661BAB4579004D7FAA /* AppDelegate.m */,
				97F9D66B1BAB4579004D7FAA /* Main.storyboard */,
				97F9D6871BAB4801004D7FAA /* CanvasViewController.h */,
				97F9D6881BAB4801004D7FAA /* CanvasViewController.m */,
				97F9D66E1BAB4579004D7FAA /* Images.xcassets */,
				97F9D6701BAB4579004D7FAA /* LaunchScreen.xib */,
				97F9D6611BAB4579004D7FAA /* Supporting Files */,
			);
			path = Canvas;
			sourceTree = "<group>";
		};
		97F9D6611BAB4579004D7FAA /* Supporting Files */ = {
			isa = PBXGroup;
			children = (
				97F9D6621BAB4579004D7FAA /* Info.plist */,
				97F9D6631BAB4579004D7FAA /* main.m */,
			);
			name = "Supporting Files";
			sourceTree = "<group>";
		};
		97F9D67A1BAB457A004D7FAA /* CanvasTests */ = {
			isa = PBXGroup;
			children = (
				97F9D67D1BAB457A004D7FAA /* CanvasTests.m */,
				97F9D67B1BAB457A004D7FAA /* Supporting Files */,
			);
			path = CanvasTests;
			sourceTree = "<group>";
		};
		97F9D67B1BAB457A004D7FAA /* Supporting Files */ = {
			isa = PBXGroup;
			children = (
				97F9D67C1BAB457A004D7FAA /* Info.plist */,
			);
			name = "Supporting Files";
			sourceTree = "<group>";
		};
/* End PBXGroup section */

/* Begin PBXNativeTarget section */
		97F9D65D1BAB4579004D7FAA /* Canvas */ = {
			isa = PBXNativeTarget;
			buildConfigurationList = 97F9D6811BAB457A004D7FAA /* Build configuration list for PBXNativeTarget "Canvas" */;
			buildPhases = (
				97F9D65A1BAB4579004D7FAA /* Sources */,
				97F9D65B1BAB4579004D7FAA /* Frameworks */,
				97F9D65C1BAB4579004D7FAA /* Resources */,
			);
			buildRules = (
			);
			dependencies = (
			);
			name = Canvas;
			productName = Canvas;
			productReference = 97F9D65E1BAB4579004D7FAA /* Canvas.app */;
			productType = "com.apple.product-type.application";
		};
		97F9D6761BAB457A004D7FAA /* CanvasTests */ = {
			isa = PBXNativeTarget;
			buildConfigurationList = 97F9D6841BAB457A004D7FAA /* Build configuration list for PBXNativeTarget "CanvasTests" */;
			buildPhases = (
				97F9D6731BAB457A004D7FAA /* Sources */,
				97F9D6741BAB457A004D7FAA /* Frameworks */,
				97F9D6751BAB457A004D7FAA /* Resources */,
			);
			buildRules = (
			);
			dependencies = (
				97F9D6791BAB457A004D7FAA /* PBXTargetDependency */,
			);
			name = CanvasTests;
			productName = CanvasTests;
			productReference = 97F9D6771BAB457A004D7FAA /* CanvasTests.xctest */;
			productType = "com.apple.product-type.bundle.unit-test";
		};
/* End PBXNativeTarget section */

/* Begin PBXProject section */
		97F9D6561BAB4579004D7FAA /* Project object */ = {
			isa = PBXProject;
			attributes = {
				LastUpgradeCheck = 0640;
				ORGANIZATIONNAME = "Pankaj Bedse";
				TargetAttributes = {
					97F9D65D1BAB4579004D7FAA = {
						CreatedOnToolsVersion = 6.4;
					};
					97F9D6761BAB457A004D7FAA = {
						CreatedOnToolsVersion = 6.4;
						TestTargetID = 97F9D65D1BAB4579004D7FAA;
					};
				};
			};
			buildConfigurationList = 97F9D6591BAB4579004D7FAA /* Build configuration list for PBXProject "Canvas" */;
			compatibilityVersion = "Xcode 3.2";
			developmentRegion = English;
			hasScannedForEncodings = 0;
			knownRegions = (
				en,
				Base,
			);
			mainGroup = 97F9D6551BAB4579004D7FAA;
			productRefGroup = 97F9D65F1BAB4579004D7FAA /* Products */;
			projectDirPath = "";
			projectRoot = "";
			targets = (
				97F9D65D1BAB4579004D7FAA /* Canvas */,
				97F9D6761BAB457A004D7FAA /* CanvasTests */,
			);
		};
/* End PBXProject section */

/* Begin PBXResourcesBuildPhase section */
		97F9D65C1BAB4579004D7FAA /* Resources */ = {
			isa = PBXResourcesBuildPhase;
			buildActionMask = 2147483647;
			files = (
				97F9D66D1BAB4579004D7FAA /* Main.storyboard in Resources */,
				97F9D6721BAB4579004D7FAA /* LaunchScreen.xib in Resources */,
				97F9D66F1BAB4579004D7FAA /* Images.xcassets in Resources */,
			);
			runOnlyForDeploymentPostprocessing = 0;
		};
		97F9D6751BAB457A004D7FAA /* Resources */ = {
			isa = PBXResourcesBuildPhase;
			buildActionMask = 2147483647;
			files = (
			);
			runOnlyForDeploymentPostprocessing = 0;
		};
/* End PBXResourcesBuildPhase section */

/* Begin PBXSourcesBuildPhase section */
		97F9D65A1BAB4579004D7FAA /* Sources */ = {
			isa = PBXSourcesBuildPhase;
			buildActionMask = 2147483647;
			files = (
				97F9D6891BAB4801004D7FAA /* CanvasViewController.m in Sources */,
				97F9D6671BAB4579004D7FAA /* AppDelegate.m in Sources */,
				97F9D6641BAB4579004D7FAA /* main.m in Sources */,
			);
			runOnlyForDeploymentPostprocessing = 0;
		};
		97F9D6731BAB457A004D7FAA /* Sources */ = {
			isa = PBXSourcesBuildPhase;
			buildActionMask = 2147483647;
			files = (
				97F9D67E1BAB457A004D7FAA /* CanvasTests.m in Sources */,
			);
			runOnlyForDeploymentPostprocessing = 0;
		};
/* End PBXSourcesBuildPhase section */

/* Begin PBXTargetDependency section */
		97F9D6791BAB457A004D7FAA /* PBXTargetDependency */ = {
			isa = PBXTargetDependency;
			target = 97F9D65D1BAB4579004D7FAA /* Canvas */;
			targetProxy = 97F9D6781BAB457A004D7FAA /* PBXContainerItemProxy */;
		};
/* End PBXTargetDependency section */

/* Begin PBXVariantGroup section */
		97F9D66B1BAB4579004D7FAA /* Main.storyboard */ = {
			isa = PBXVariantGroup;
			children = (
				97F9D66C1BAB4579004D7FAA /* Base */,
			);
			name = Main.storyboard;
			sourceTree = "<group>";
		};
		97F9D6701BAB4579004D7FAA /* LaunchScreen.xib */ = {
			isa = PBXVariantGroup;
			children = (
				97F9D6711BAB4579004D7FAA /* Base */,
			);
			name = LaunchScreen.xib;
			sourceTree = "<group>";
		};
/* End PBXVariantGroup section */

/* Begin XCBuildConfiguration section */
		97F9D67F1BAB457A004D7FAA /* Debug */ = {
			isa = XCBuildConfiguration;
			buildSettings = {
				ALWAYS_SEARCH_USER_PATHS = NO;
				CLANG_CXX_LANGUAGE_STANDARD = "gnu++0x";
				CLANG_CXX_LIBRARY = "libc++";
				CLANG_ENABLE_MODULES = YES;
				CLANG_ENABLE_OBJC_ARC = YES;
				CLANG_WARN_BOOL_CONVERSION = YES;
				CLANG_WARN_CONSTANT_CONVERSION = YES;
				CLANG_WARN_DIRECT_OBJC_ISA_USAGE = YES_ERROR;
				CLANG_WARN_EMPTY_BODY = YES;
				CLANG_WARN_ENUM_CONVERSION = YES;
				CLANG_WARN_INT_CONVERSION = YES;
				CLANG_WARN_OBJC_ROOT_CLASS = YES_ERROR;
				CLANG_WARN_UNREACHABLE_CODE = YES;
				CLANG_WARN__DUPLICATE_METHOD_MATCH = YES;
				"CODE_SIGN_IDENTITY[sdk=iphoneos*]" = "iPhone Developer";
				COPY_PHASE_STRIP = NO;
				DEBUG_INFORMATION_FORMAT = "dwarf-with-dsym";
				ENABLE_STRICT_OBJC_MSGSEND = YES;
				GCC_C_LANGUAGE_STANDARD = gnu99;
				GCC_DYNAMIC_NO_PIC = NO;
				GCC_NO_COMMON_BLOCKS = YES;
				GCC_OPTIMIZATION_LEVEL = 0;
				GCC_PREPROCESSOR_DEFINITIONS = (
					"DEBUG=1",
					"$(inherited)",
				);
				GCC_SYMBOLS_PRIVATE_EXTERN = NO;
				GCC_WARN_64_TO_32_BIT_CONVERSION = YES;
				GCC_WARN_ABOUT_RETURN_TYPE = YES_ERROR;
				GCC_WARN_UNDECLARED_SELECTOR = YES;
				GCC_WARN_UNINITIALIZED_AUTOS = YES_AGGRESSIVE;
				GCC_WARN_UNUSED_FUNCTION = YES;
				GCC_WARN_UNUSED_VARIABLE = YES;
				IPHONEOS_DEPLOYMENT_TARGET = 8.4;
				MTL_ENABLE_DEBUG_INFO = YES;
				ONLY_ACTIVE_ARCH = YES;
				SDKROOT = iphoneos;
			};
			name = Debug;
		};
		97F9D6801BAB457A004D7FAA /* Release */ = {
			isa = XCBuildConfiguration;
			buildSettings = {
				ALWAYS_SEARCH_USER_PATHS = NO;
				CLANG_CXX_LANGUAGE_STANDARD = "gnu++0x";
				CLANG_CXX_LIBRARY = "libc++";
				CLANG_ENABLE_MODULES = YES;
				CLANG_ENABLE_OBJC_ARC = YES;
				CLANG_WARN_BOOL_CONVERSION = YES;
				CLANG_WARN_CONSTANT_CONVERSION = YES;
				CLANG_WARN_DIRECT_OBJC_ISA_USAGE = YES_ERROR;
				CLANG_WARN_EMPTY_BODY = YES;
				CLANG_WARN_ENUM_CONVERSION = YES;
				CLANG_WARN_INT_CONVERSION = YES;
				CLANG_WARN_OBJC_ROOT_CLASS = YES_ERROR;
				CLANG_WARN_UNREACHABLE_CODE = YES;
				CLANG_WARN__DUPLICATE_METHOD_MATCH = YES;
				"CODE_SIGN_IDENTITY[sdk=iphoneos*]" = "iPhone Developer";
				COPY_PHASE_STRIP = NO;
				DEBUG_INFORMATION_FORMAT = "dwarf-with-dsym";
				ENABLE_NS_ASSERTIONS = NO;
				ENABLE_STRICT_OBJC_MSGSEND = YES;
				GCC_C_LANGUAGE_STANDARD = gnu99;
				GCC_NO_COMMON_BLOCKS = YES;
				GCC_WARN_64_TO_32_BIT_CONVERSION = YES;
				GCC_WARN_ABOUT_RETURN_TYPE = YES_ERROR;
				GCC_WARN_UNDECLARED_SELECTOR = YES;
				GCC_WARN_UNINITIALIZED_AUTOS = YES_AGGRESSIVE;
				GCC_WARN_UNUSED_FUNCTION = YES;
				GCC_WARN_UNUSED_VARIABLE = YES;
				IPHONEOS_DEPLOYMENT_TARGET = 8.4;
				MTL_ENABLE_DEBUG_INFO = NO;
				SDKROOT = iphoneos;
				VALIDATE_PRODUCT = YES;
			};
			name = Release;
		};
		97F9D6821BAB457A004D7FAA /* Debug */ = {
			isa = XCBuildConfiguration;
			buildSettings = {
				ASSETCATALOG_COMPILER_APPICON_NAME = AppIcon;
				INFOPLIST_FILE = Canvas/Info.plist;
				LD_RUNPATH_SEARCH_PATHS = "$(inherited) @executable_path/Frameworks";
				PRODUCT_NAME = "$(TARGET_NAME)";
			};
			name = Debug;
		};
		97F9D6831BAB457A004D7FAA /* Release */ = {
			isa = XCBuildConfiguration;
			buildSettings = {
				ASSETCATALOG_COMPILER_APPICON_NAME = AppIcon;
				INFOPLIST_FILE = Canvas/Info.plist;
				LD_RUNPATH_SEARCH_PATHS = "$(inherited) @executable_path/Frameworks";
				PRODUCT_NAME = "$(TARGET_NAME)";
			};
			name = Release;
		};
		97F9D6851BAB457A004D7FAA /* Debug */ = {
			isa = XCBuildConfiguration;
			buildSettings = {
				BUNDLE_LOADER = "$(TEST_HOST)";
				FRAMEWORK_SEARCH_PATHS = (
					"$(SDKROOT)/Developer/Library/Frameworks",
					"$(inherited)",
				);
				GCC_PREPROCESSOR_DEFINITIONS = (
					"DEBUG=1",
					"$(inherited)",
				);
				INFOPLIST_FILE = CanvasTests/Info.plist;
				LD_RUNPATH_SEARCH_PATHS = "$(inherited) @executable_path/Frameworks @loader_path/Frameworks";
				PRODUCT_NAME = "$(TARGET_NAME)";
				TEST_HOST = "$(BUILT_PRODUCTS_DIR)/Canvas.app/Canvas";
			};
			name = Debug;
		};
		97F9D6861BAB457A004D7FAA /* Release */ = {
			isa = XCBuildConfiguration;
			buildSettings = {
				BUNDLE_LOADER = "$(TEST_HOST)";
				FRAMEWORK_SEARCH_PATHS = (
					"$(SDKROOT)/Developer/Library/Frameworks",
					"$(inherited)",
				);
				INFOPLIST_FILE = CanvasTests/Info.plist;
				LD_RUNPATH_SEARCH_PATHS = "$(inherited) @executable_path/Frameworks @loader_path/Frameworks";
				PRODUCT_NAME = "$(TARGET_NAME)";
				TEST_HOST = "$(BUILT_PRODUCTS_DIR)/Canvas.app/Canvas";
			};
			name = Release;
		};
/* End XCBuildConfiguration section */

/* Begin XCConfigurationList section */
		97F9D6591BAB4579004D7FAA /* Build configuration list for PBXProject "Canvas" */ = {
			isa = XCConfigurationList;
			buildConfigurations = (
				97F9D67F1BAB457A004D7FAA /* Debug */,
				97F9D6801BAB457A004D7FAA /* Release */,
			);
			defaultConfigurationIsVisible = 0;
			defaultConfigurationName = Release;
		};
		97F9D6811BAB457A004D7FAA /* Build configuration list for PBXNativeTarget "Canvas" */ = {
			isa = XCConfigurationList;
			buildConfigurations = (
				97F9D6821BAB457A004D7FAA /* Debug */,
				97F9D6831BAB457A004D7FAA /* Release */,
			);
			defaultConfigurationIsVisible = 0;
		};
		97F9D6841BAB457A004D7FAA /* Build configuration list for PBXNativeTarget "CanvasTests" */ = {
			isa = XCConfigurationList;
			buildConfigurations = (
				97F9D6851BAB457A004D7FAA /* Debug */,
				97F9D6861BAB457A004D7FAA /* Release */,
			);
			defaultConfigurationIsVisible = 0;
		};
/* End XCConfigurationList section */
	};
	rootObject = 97F9D6561BAB4579004D7FAA /* Project object */;
}
